
Microsoft Visual Studio Solution File, Format Version 12.00
# Visual Studio Version 16
VisualStudioVersion = 16.0.28803.352
MinimumVisualStudioVersion = 10.0.40219.1
Project("{FAE04EC0-301F-11D3-BF4B-00C04F79EFBC}") = "RineServer", "RineServer\RineServer.csproj", "{D8C491C7-A3E2-4DC3-88A4-3B60AB4EC2C6}"
EndProject
Global
	GlobalSection(SolutionConfigurationPlatforms) = preSolution
		Debug|Any CPU = Debug|Any CPU
		Release|Any CPU = Release|Any CPU
	EndGlobalSection
	GlobalSection(ProjectConfigurationPlatforms) = postSolution
		{D8C491C7-A3E2-4DC3-88A4-3B60AB4EC2C6}.Debug|Any CPU.ActiveCfg = Debug|Any CPU
		{D8C491C7-A3E2-4DC3-88A4-3B60AB4EC2C6}.Debug|Any CPU.Build.0 = Debug|Any CPU
		{D8C491C7-A3E2-4DC3-88A4-3B60AB4EC2C6}.Release|Any CPU.ActiveCfg = Release|Any CPU
		{D8C491C7-A3E2-4DC3-88A4-3B60AB4EC2C6}.Release|Any CPU.Build.0 = Release|Any CPU
	EndGlobalSection
	GlobalSection(SolutionProperties) = preSolution
		HideSolutionNode = FALSE
	EndGlobalSection
	GlobalSection(ExtensibilityGlobals) = postSolution
		SolutionGuid = {129412A5-AF3B-4B18-8C6F-DFDC9C958F0A}
	EndGlobalSection
EndGlobal
