
Microsoft Visual Studio Solution File, Format Version 12.00
# Visual Studio Version 16
VisualStudioVersion = 16.0.28803.352
MinimumVisualStudioVersion = 10.0.40219.1
Project("{9A19103F-16F7-4668-BE54-9A1E7A4F7556}") = "RineServer", "RineServer\RineServer.csproj", "{D8C491C7-A3E2-4DC3-88A4-3B60AB4EC2C6}"
EndProject
Project("{9A19103F-16F7-4668-BE54-9A1E7A4F7556}") = "RineSignalRContracts", "RineSignalRContracts\RineSignalRContracts.csproj", "{C5DC3DA4-E98D-47D0-86F5-87191A8B5CC0}"
EndProject
Project("{FAE04EC0-301F-11D3-BF4B-00C04F79EFBC}") = "RineClient", "RineClient\RineClient.csproj", "{346A6371-48A4-46C7-BA74-DB919EF9955A}"
EndProject
Project("{FAE04EC0-301F-11D3-BF4B-00C04F79EFBC}") = "RineServerTests", "RineServer.Tests\RineServerTests\RineServerTests.csproj", "{F87E0EDB-57DF-493E-8343-A9EC014B527A}"
EndProject
Global
	GlobalSection(SolutionConfigurationPlatforms) = preSolution
		Debug|Any CPU = Debug|Any CPU
		Debug|ARM = Debug|ARM
		Debug|ARM64 = Debug|ARM64
		Debug|x64 = Debug|x64
		Debug|x86 = Debug|x86
		Release|Any CPU = Release|Any CPU
		Release|ARM = Release|ARM
		Release|ARM64 = Release|ARM64
		Release|x64 = Release|x64
		Release|x86 = Release|x86
	EndGlobalSection
	GlobalSection(ProjectConfigurationPlatforms) = postSolution
		{D8C491C7-A3E2-4DC3-88A4-3B60AB4EC2C6}.Debug|Any CPU.ActiveCfg = Debug|Any CPU
		{D8C491C7-A3E2-4DC3-88A4-3B60AB4EC2C6}.Debug|Any CPU.Build.0 = Debug|Any CPU
		{D8C491C7-A3E2-4DC3-88A4-3B60AB4EC2C6}.Debug|ARM.ActiveCfg = Debug|Any CPU
		{D8C491C7-A3E2-4DC3-88A4-3B60AB4EC2C6}.Debug|ARM.Build.0 = Debug|Any CPU
		{D8C491C7-A3E2-4DC3-88A4-3B60AB4EC2C6}.Debug|ARM64.ActiveCfg = Debug|Any CPU
		{D8C491C7-A3E2-4DC3-88A4-3B60AB4EC2C6}.Debug|ARM64.Build.0 = Debug|Any CPU
		{D8C491C7-A3E2-4DC3-88A4-3B60AB4EC2C6}.Debug|x64.ActiveCfg = Debug|Any CPU
		{D8C491C7-A3E2-4DC3-88A4-3B60AB4EC2C6}.Debug|x64.Build.0 = Debug|Any CPU
		{D8C491C7-A3E2-4DC3-88A4-3B60AB4EC2C6}.Debug|x86.ActiveCfg = Debug|Any CPU
		{D8C491C7-A3E2-4DC3-88A4-3B60AB4EC2C6}.Debug|x86.Build.0 = Debug|Any CPU
		{D8C491C7-A3E2-4DC3-88A4-3B60AB4EC2C6}.Release|Any CPU.ActiveCfg = Release|Any CPU
		{D8C491C7-A3E2-4DC3-88A4-3B60AB4EC2C6}.Release|Any CPU.Build.0 = Release|Any CPU
		{D8C491C7-A3E2-4DC3-88A4-3B60AB4EC2C6}.Release|ARM.ActiveCfg = Release|Any CPU
		{D8C491C7-A3E2-4DC3-88A4-3B60AB4EC2C6}.Release|ARM.Build.0 = Release|Any CPU
		{D8C491C7-A3E2-4DC3-88A4-3B60AB4EC2C6}.Release|ARM64.ActiveCfg = Release|Any CPU
		{D8C491C7-A3E2-4DC3-88A4-3B60AB4EC2C6}.Release|ARM64.Build.0 = Release|Any CPU
		{D8C491C7-A3E2-4DC3-88A4-3B60AB4EC2C6}.Release|x64.ActiveCfg = Release|Any CPU
		{D8C491C7-A3E2-4DC3-88A4-3B60AB4EC2C6}.Release|x64.Build.0 = Release|Any CPU
		{D8C491C7-A3E2-4DC3-88A4-3B60AB4EC2C6}.Release|x86.ActiveCfg = Release|Any CPU
		{D8C491C7-A3E2-4DC3-88A4-3B60AB4EC2C6}.Release|x86.Build.0 = Release|Any CPU
		{C5DC3DA4-E98D-47D0-86F5-87191A8B5CC0}.Debug|Any CPU.ActiveCfg = Debug|Any CPU
		{C5DC3DA4-E98D-47D0-86F5-87191A8B5CC0}.Debug|Any CPU.Build.0 = Debug|Any CPU
		{C5DC3DA4-E98D-47D0-86F5-87191A8B5CC0}.Debug|ARM.ActiveCfg = Debug|Any CPU
		{C5DC3DA4-E98D-47D0-86F5-87191A8B5CC0}.Debug|ARM.Build.0 = Debug|Any CPU
		{C5DC3DA4-E98D-47D0-86F5-87191A8B5CC0}.Debug|ARM64.ActiveCfg = Debug|Any CPU
		{C5DC3DA4-E98D-47D0-86F5-87191A8B5CC0}.Debug|ARM64.Build.0 = Debug|Any CPU
		{C5DC3DA4-E98D-47D0-86F5-87191A8B5CC0}.Debug|x64.ActiveCfg = Debug|Any CPU
		{C5DC3DA4-E98D-47D0-86F5-87191A8B5CC0}.Debug|x64.Build.0 = Debug|Any CPU
		{C5DC3DA4-E98D-47D0-86F5-87191A8B5CC0}.Debug|x86.ActiveCfg = Debug|Any CPU
		{C5DC3DA4-E98D-47D0-86F5-87191A8B5CC0}.Debug|x86.Build.0 = Debug|Any CPU
		{C5DC3DA4-E98D-47D0-86F5-87191A8B5CC0}.Release|Any CPU.ActiveCfg = Release|Any CPU
		{C5DC3DA4-E98D-47D0-86F5-87191A8B5CC0}.Release|Any CPU.Build.0 = Release|Any CPU
		{C5DC3DA4-E98D-47D0-86F5-87191A8B5CC0}.Release|ARM.ActiveCfg = Release|Any CPU
		{C5DC3DA4-E98D-47D0-86F5-87191A8B5CC0}.Release|ARM.Build.0 = Release|Any CPU
		{C5DC3DA4-E98D-47D0-86F5-87191A8B5CC0}.Release|ARM64.ActiveCfg = Release|Any CPU
		{C5DC3DA4-E98D-47D0-86F5-87191A8B5CC0}.Release|ARM64.Build.0 = Release|Any CPU
		{C5DC3DA4-E98D-47D0-86F5-87191A8B5CC0}.Release|x64.ActiveCfg = Release|Any CPU
		{C5DC3DA4-E98D-47D0-86F5-87191A8B5CC0}.Release|x64.Build.0 = Release|Any CPU
		{C5DC3DA4-E98D-47D0-86F5-87191A8B5CC0}.Release|x86.ActiveCfg = Release|Any CPU
		{C5DC3DA4-E98D-47D0-86F5-87191A8B5CC0}.Release|x86.Build.0 = Release|Any CPU
		{346A6371-48A4-46C7-BA74-DB919EF9955A}.Debug|Any CPU.ActiveCfg = Debug|x86
		{346A6371-48A4-46C7-BA74-DB919EF9955A}.Debug|ARM.ActiveCfg = Debug|ARM
		{346A6371-48A4-46C7-BA74-DB919EF9955A}.Debug|ARM.Build.0 = Debug|ARM
		{346A6371-48A4-46C7-BA74-DB919EF9955A}.Debug|ARM.Deploy.0 = Debug|ARM
		{346A6371-48A4-46C7-BA74-DB919EF9955A}.Debug|ARM64.ActiveCfg = Debug|ARM64
		{346A6371-48A4-46C7-BA74-DB919EF9955A}.Debug|ARM64.Build.0 = Debug|ARM64
		{346A6371-48A4-46C7-BA74-DB919EF9955A}.Debug|ARM64.Deploy.0 = Debug|ARM64
		{346A6371-48A4-46C7-BA74-DB919EF9955A}.Debug|x64.ActiveCfg = Debug|x64
		{346A6371-48A4-46C7-BA74-DB919EF9955A}.Debug|x64.Build.0 = Debug|x64
		{346A6371-48A4-46C7-BA74-DB919EF9955A}.Debug|x64.Deploy.0 = Debug|x64
		{346A6371-48A4-46C7-BA74-DB919EF9955A}.Debug|x86.ActiveCfg = Debug|x86
		{346A6371-48A4-46C7-BA74-DB919EF9955A}.Debug|x86.Build.0 = Debug|x86
		{346A6371-48A4-46C7-BA74-DB919EF9955A}.Debug|x86.Deploy.0 = Debug|x86
		{346A6371-48A4-46C7-BA74-DB919EF9955A}.Release|Any CPU.ActiveCfg = Release|x86
		{346A6371-48A4-46C7-BA74-DB919EF9955A}.Release|ARM.ActiveCfg = Release|ARM
		{346A6371-48A4-46C7-BA74-DB919EF9955A}.Release|ARM.Build.0 = Release|ARM
		{346A6371-48A4-46C7-BA74-DB919EF9955A}.Release|ARM.Deploy.0 = Release|ARM
		{346A6371-48A4-46C7-BA74-DB919EF9955A}.Release|ARM64.ActiveCfg = Release|ARM64
		{346A6371-48A4-46C7-BA74-DB919EF9955A}.Release|ARM64.Build.0 = Release|ARM64
		{346A6371-48A4-46C7-BA74-DB919EF9955A}.Release|ARM64.Deploy.0 = Release|ARM64
		{346A6371-48A4-46C7-BA74-DB919EF9955A}.Release|x64.ActiveCfg = Release|x64
		{346A6371-48A4-46C7-BA74-DB919EF9955A}.Release|x64.Build.0 = Release|x64
		{346A6371-48A4-46C7-BA74-DB919EF9955A}.Release|x64.Deploy.0 = Release|x64
		{346A6371-48A4-46C7-BA74-DB919EF9955A}.Release|x86.ActiveCfg = Release|x86
		{346A6371-48A4-46C7-BA74-DB919EF9955A}.Release|x86.Build.0 = Release|x86
		{346A6371-48A4-46C7-BA74-DB919EF9955A}.Release|x86.Deploy.0 = Release|x86
		{F87E0EDB-57DF-493E-8343-A9EC014B527A}.Debug|Any CPU.ActiveCfg = Debug|Any CPU
		{F87E0EDB-57DF-493E-8343-A9EC014B527A}.Debug|Any CPU.Build.0 = Debug|Any CPU
		{F87E0EDB-57DF-493E-8343-A9EC014B527A}.Debug|ARM.ActiveCfg = Debug|Any CPU
		{F87E0EDB-57DF-493E-8343-A9EC014B527A}.Debug|ARM.Build.0 = Debug|Any CPU
		{F87E0EDB-57DF-493E-8343-A9EC014B527A}.Debug|ARM64.ActiveCfg = Debug|Any CPU
		{F87E0EDB-57DF-493E-8343-A9EC014B527A}.Debug|ARM64.Build.0 = Debug|Any CPU
		{F87E0EDB-57DF-493E-8343-A9EC014B527A}.Debug|x64.ActiveCfg = Debug|Any CPU
		{F87E0EDB-57DF-493E-8343-A9EC014B527A}.Debug|x64.Build.0 = Debug|Any CPU
		{F87E0EDB-57DF-493E-8343-A9EC014B527A}.Debug|x86.ActiveCfg = Debug|Any CPU
		{F87E0EDB-57DF-493E-8343-A9EC014B527A}.Debug|x86.Build.0 = Debug|Any CPU
		{F87E0EDB-57DF-493E-8343-A9EC014B527A}.Release|Any CPU.ActiveCfg = Release|Any CPU
		{F87E0EDB-57DF-493E-8343-A9EC014B527A}.Release|Any CPU.Build.0 = Release|Any CPU
		{F87E0EDB-57DF-493E-8343-A9EC014B527A}.Release|ARM.ActiveCfg = Release|Any CPU
		{F87E0EDB-57DF-493E-8343-A9EC014B527A}.Release|ARM.Build.0 = Release|Any CPU
		{F87E0EDB-57DF-493E-8343-A9EC014B527A}.Release|ARM64.ActiveCfg = Release|Any CPU
		{F87E0EDB-57DF-493E-8343-A9EC014B527A}.Release|ARM64.Build.0 = Release|Any CPU
		{F87E0EDB-57DF-493E-8343-A9EC014B527A}.Release|x64.ActiveCfg = Release|Any CPU
		{F87E0EDB-57DF-493E-8343-A9EC014B527A}.Release|x64.Build.0 = Release|Any CPU
		{F87E0EDB-57DF-493E-8343-A9EC014B527A}.Release|x86.ActiveCfg = Release|Any CPU
		{F87E0EDB-57DF-493E-8343-A9EC014B527A}.Release|x86.Build.0 = Release|Any CPU
	EndGlobalSection
	GlobalSection(SolutionProperties) = preSolution
		HideSolutionNode = FALSE
	EndGlobalSection
	GlobalSection(ExtensibilityGlobals) = postSolution
		SolutionGuid = {129412A5-AF3B-4B18-8C6F-DFDC9C958F0A}
	EndGlobalSection
EndGlobal
